
Microsoft Visual Studio Solution File, Format Version 12.00
# Visual Studio Version 16
VisualStudioVersion = 16.0.31729.503
MinimumVisualStudioVersion = 10.0.40219.1
Project("{FAE04EC0-301F-11D3-BF4B-00C04F79EFBC}") = "Calculator", "Calculator\Calculator.csproj", "{AF7EA0E6-F671-44EA-8368-21E20A51F8BC}"
EndProject
Global
	GlobalSection(SolutionConfigurationPlatforms) = preSolution
		Debug|Any CPU = Debug|Any CPU
		Release|Any CPU = Release|Any CPU
	EndGlobalSection
	GlobalSection(ProjectConfigurationPlatforms) = postSolution
		{AF7EA0E6-F671-44EA-8368-21E20A51F8BC}.Debug|Any CPU.ActiveCfg = Debug|Any CPU
		{AF7EA0E6-F671-44EA-8368-21E20A51F8BC}.Debug|Any CPU.Build.0 = Debug|Any CPU
		{AF7EA0E6-F671-44EA-8368-21E20A51F8BC}.Release|Any CPU.ActiveCfg = Release|Any CPU
		{AF7EA0E6-F671-44EA-8368-21E20A51F8BC}.Release|Any CPU.Build.0 = Release|Any CPU
	EndGlobalSection
	GlobalSection(SolutionProperties) = preSolution
		HideSolutionNode = FALSE
	EndGlobalSection
	GlobalSection(ExtensibilityGlobals) = postSolution
		SolutionGuid = {0DF9ABCF-641E-4EFE-B161-7632DCA4E7C4}
	EndGlobalSection
EndGlobal
